{
  "version": 4,
  "terraform_version": "1.1.9",
  "serial": 93,
  "lineage": "36391dba-8a19-c5b6-3f4c-6f863bbedb57",
  "outputs": {},
  "resources": [
    {
      "mode": "data",
      "type": "aws_eks_cluster",
      "name": "cluster",
      "provider": "provider[\"registry.terraform.io/hashicorp/aws\"]",
      "instances": [
        {
          "schema_version": 0,
          "attributes": {
            "arn": "arn:aws:eks:us-west-2:732722833398:cluster/rancher",
            "certificate_authority": [
              {
                "data": "LS0tLS1CRUdJTiBDRVJUSUZJQ0FURS0tLS0tCk1JSUM1ekNDQWMrZ0F3SUJBZ0lCQURBTkJna3Foa2lHOXcwQkFRc0ZBREFWTVJNd0VRWURWUVFERXdwcmRXSmwKY201bGRHVnpNQjRYRFRJeU1EWXlOREF3TWpreU9Wb1hEVE15TURZeU1UQXdNamt5T1Zvd0ZURVRNQkVHQTFVRQpBeE1LYTNWaVpYSnVaWFJsY3pDQ0FTSXdEUVlKS29aSWh2Y05BUUVCQlFBRGdnRVBBRENDQVFvQ2dnRUJBTWpYCm0yRU9WWGw0ODg1a0R2T0FYQTVmR1Zkb0V2c0wrTE5wdWVPMVV1MHFEWjJkQnV0ZTVDMFEwUDc1djc3UlFwbmcKWVFLendDamtUMFN5aFZxMkpsWk1KK3ZIVFFzU0Q0eEJlNHg5eVY2ajZHQVQwNTJtMWN6QlFSNjBqa1FOQjR4WQpjTlo0ckxHK3JVQlgrSmRBK3ExVFVMd3NLYldPL3BMM2dPZHp3N1ZhZ3ZjT2RNN1VxbFB1V2RaaWRDd0VPMUxxCjBreWJaQnFIR3FNcnFlVHlBQzNwNHAxQ3A4NUNGNHRPZEJKM3dVYm0zaEJVMXc4bGNnTjlNc21JS2pzYkgweXoKNTBzbDg0RFIzNG5EQUdaTDdVR3A0cEZyNDRiUE93c3BaVFNtZWdxQ2NNTlBPYWpIRmJpcWlOVVpYdDZlVjZ1eApjOERpeU8ySDhWUlREcDJjZXhNQ0F3RUFBYU5DTUVBd0RnWURWUjBQQVFIL0JBUURBZ0trTUE4R0ExVWRFd0VCCi93UUZNQU1CQWY4d0hRWURWUjBPQkJZRUZJZ1ljKzQ0dUQwdHVoUHZVOXVOWDNSQmFRNXVNQTBHQ1NxR1NJYjMKRFFFQkN3VUFBNElCQVFDT205L21jaUxsY2lwekM3cytTNEQ3OCt2bkljTkQ4YlJOaVVtNHBZR29QanJ2WHJnTAozZDFvMHlsbTA5WEpDMDd6cU1tajVjQUJWOUtnUEZ1MEFSQjVmWitlRHNkcDlDVm9HM0xPRmw2WFFUQmdIVkx4CkFtNXk0elZMUmdjR0dCWFQvY3N5NGtORjZ2UW10OCtkN244NTBRT2FheUZQSmw2WUU4aVN1OGhPazVxdktHVzIKNFg1VnVnSFo1MGh5U0pSMmltaDh5SUFKeXcvNVhIVENiSVZQb2IwaE1ERERMUUVlTmtPRmY1ZCtHSUZKVGRIQgp5S1JsTkovTWxhdnp0WDVDMkVoR3ZmOVpYNmpnVG5rRWFPRnBvaWFEZURUa1Rmbk5ITG05aVNzQU5kWitHaktECkQ3RUdDeUtFTWg4Z0JIYTdTcXpuaEJvZzFlV1RTWEVGeENoTQotLS0tLUVORCBDRVJUSUZJQ0FURS0tLS0tCg=="
              }
            ],
            "created_at": "2022-06-24 00:23:55.475 +0000 UTC",
            "enabled_cluster_log_types": [
              "api",
              "audit",
              "authenticator"
            ],
            "endpoint": "https://996C56B70083850EC96F7B7DFDC19DF0.gr7.us-west-2.eks.amazonaws.com",
            "id": "rancher",
            "identity": [
              {
                "oidc": [
                  {
                    "issuer": "https://oidc.eks.us-west-2.amazonaws.com/id/996C56B70083850EC96F7B7DFDC19DF0"
                  }
                ]
              }
            ],
            "kubernetes_network_config": [
              {
                "ip_family": "ipv4",
                "service_ipv4_cidr": "172.20.0.0/16"
              }
            ],
            "name": "rancher",
            "platform_version": "eks.7",
            "role_arn": "arn:aws:iam::732722833398:role/rancher-cluster-20220624001829809300000008",
            "status": "ACTIVE",
            "tags": {
              "Project": "folio",
              "Team": "kitfox",
              "Terraform": "true"
            },
            "version": "1.21",
            "vpc_config": [
              {
                "cluster_security_group_id": "sg-0e5893236c5cfa3b7",
                "endpoint_private_access": false,
                "endpoint_public_access": true,
                "public_access_cidrs": [
                  "0.0.0.0/0"
                ],
                "security_group_ids": [
                  "sg-029a76d8c776ef939"
                ],
                "subnet_ids": [
                  "subnet-029716353faa8a0b1",
                  "subnet-0347db41d7e278c29",
                  "subnet-066f787ac8b8eb4b5",
                  "subnet-0c1fceb92be445713"
                ],
                "vpc_id": "vpc-0c14313e194b820d9"
              }
            ]
          },
          "sensitive_attributes": []
        }
      ]
    },
    {
      "mode": "data",
      "type": "aws_eks_cluster_auth",
      "name": "cluster",
      "provider": "provider[\"registry.terraform.io/hashicorp/aws\"]",
      "instances": [
        {
          "schema_version": 0,
          "attributes": {
            "id": "local",
            "name": "local",
            "token": "k8s-aws-v1.aHR0cHM6Ly9zdHMuYW1hem9uYXdzLmNvbS8_QWN0aW9uPUdldENhbGxlcklkZW50aXR5JlZlcnNpb249MjAxMS0wNi0xNSZYLUFtei1BbGdvcml0aG09QVdTNC1ITUFDLVNIQTI1NiZYLUFtei1DcmVkZW50aWFsPUFLSUEyVkdOUEU3M05IN1JSWkVYJTJGMjAyMjA3MTklMkZ1cy1lYXN0LTElMkZzdHMlMkZhd3M0X3JlcXVlc3QmWC1BbXotRGF0ZT0yMDIyMDcxOVQwNzUwNTVaJlgtQW16LUV4cGlyZXM9MCZYLUFtei1TaWduZWRIZWFkZXJzPWhvc3QlM0J4LWs4cy1hd3MtaWQmWC1BbXotU2lnbmF0dXJlPTYyZDhjZGM3MzgyMGQ5MTc0N2ZiMGIxZTJkYjQ5MWM1MmE3NTM0YzA2MmE1YWIxNzRjMTFjMTkyZThmY2U4ZmE"
          },
          "sensitive_attributes": []
        }
      ]
    },
    {
      "mode": "managed",
      "type": "helm_release",
      "name": "elastic",
      "provider": "provider[\"registry.terraform.io/hashicorp/helm\"].cluster",
      "instances": [
        {
          "schema_version": 0,
          "attributes": {
            "atomic": false,
            "chart": "logging-operator",
            "cleanup_on_fail": false,
            "create_namespace": true,
            "dependency_update": false,
            "description": null,
            "devel": null,
            "disable_crd_hooks": false,
            "disable_openapi_validation": false,
            "disable_webhooks": false,
            "force_update": false,
            "id": "logging-operator",
            "keyring": null,
            "lint": false,
            "manifest": null,
            "max_history": 0,
            "metadata": [
              {
                "app_version": "3.17.7",
                "chart": "logging-operator",
                "name": "logging-operator",
                "namespace": "logging",
                "revision": 1,
                "values": "{}",
                "version": "3.17.7"
              }
            ],
            "name": "logging-operator",
            "namespace": "logging",
            "postrender": [],
            "recreate_pods": false,
            "render_subchart_notes": true,
            "replace": false,
            "repository": "https://kubernetes-charts.banzaicloud.com",
            "repository_ca_file": null,
            "repository_cert_file": null,
            "repository_key_file": null,
            "repository_password": null,
            "repository_username": null,
            "reset_values": false,
            "reuse_values": false,
            "set": [],
            "set_sensitive": [],
            "skip_crds": false,
            "status": "deployed",
            "timeout": 300,
            "values": null,
            "verify": false,
            "version": "3.17.7",
            "wait": true,
            "wait_for_jobs": false
          },
          "sensitive_attributes": [],
          "private": "bnVsbA==",
          "dependencies": [
            "data.aws_eks_cluster.cluster",
            "kubernetes_cluster_role_binding.cluster-admin-binding",
            "rancher2_app_v2.rancher-logging"
          ]
        }
      ]
    },
    {
      "mode": "managed",
      "type": "kubectl_manifest",
      "name": "elastic_quickstart",
      "provider": "provider[\"registry.terraform.io/gavinbunney/kubectl\"]",
      "instances": [
        {
          "schema_version": 1,
          "attributes": {
            "api_version": "elasticsearch.k8s.elastic.co/v1",
            "apply_only": false,
            "force_conflicts": false,
            "force_new": false,
            "id": "/apis/elasticsearch.k8s.elastic.co/v1/namespaces/logging/elasticsearchs/quickstart",
            "ignore_fields": null,
            "kind": "Elasticsearch",
            "live_manifest_incluster": "280679257c448f137f199780b7707d21046f76eb659e857638d0e0f33b94e5cb",
            "live_uid": "9bae175a-886e-4931-83ff-7d495f9d3a8f",
            "name": "quickstart",
            "namespace": "logging",
            "override_namespace": null,
            "sensitive_fields": null,
            "server_side_apply": false,
            "timeouts": null,
            "uid": "9bae175a-886e-4931-83ff-7d495f9d3a8f",
            "validate_schema": true,
            "wait": null,
            "wait_for_rollout": true,
            "yaml_body": "apiVersion: elasticsearch.k8s.elastic.co/v1\nkind: Elasticsearch\nmetadata:\n  name: quickstart\n  namespace: logging\nspec:\n  version: 8.1.3\n  nodeSets:\n  - name: default\n    count: 3\n    config:\n      node.store.allow_mmap: false\n",
            "yaml_body_parsed": "apiVersion: elasticsearch.k8s.elastic.co/v1\nkind: Elasticsearch\nmetadata:\n  name: quickstart\n  namespace: logging\nspec:\n  nodeSets:\n  - config:\n      node.store.allow_mmap: false\n    count: 3\n    name: default\n  version: 8.1.3\n",
            "yaml_incluster": "280679257c448f137f199780b7707d21046f76eb659e857638d0e0f33b94e5cb"
          },
          "sensitive_attributes": [],
          "private": "eyJlMmJmYjczMC1lY2FhLTExZTYtOGY4OC0zNDM2M2JjN2M0YzAiOnsiY3JlYXRlIjo2MDAwMDAwMDAwMDB9LCJzY2hlbWFfdmVyc2lvbiI6IjEifQ==",
          "dependencies": [
            "data.aws_eks_cluster.cluster",
            "helm_release.elastic",
            "kubernetes_cluster_role_binding.cluster-admin-binding",
            "rancher2_app_v2.rancher-logging",
            "time_sleep.wait_30_seconds"
          ]
        }
      ]
    },
    {
      "mode": "managed",
      "type": "kubectl_manifest",
      "name": "kibana_quickstart",
      "provider": "provider[\"registry.terraform.io/gavinbunney/kubectl\"]",
      "instances": [
        {
          "schema_version": 1,
          "attributes": {
            "api_version": "kibana.k8s.elastic.co/v1",
            "apply_only": false,
            "force_conflicts": false,
            "force_new": false,
            "id": "/apis/kibana.k8s.elastic.co/v1/namespaces/logging/kibanas/quickstart",
            "ignore_fields": null,
            "kind": "Kibana",
            "live_manifest_incluster": "6d59864831029a0759572bc6e5af2ef03a0003cd4deae1e07f55776a3ba5a584",
            "live_uid": "814921ea-d0fb-4949-b2e1-bf2346d829ad",
            "name": "quickstart",
            "namespace": "logging",
            "override_namespace": null,
            "sensitive_fields": null,
            "server_side_apply": false,
            "timeouts": null,
            "uid": "814921ea-d0fb-4949-b2e1-bf2346d829ad",
            "validate_schema": true,
            "wait": null,
            "wait_for_rollout": true,
            "yaml_body": "apiVersion: kibana.k8s.elastic.co/v1\nkind: Kibana\nmetadata:\n  name: quickstart\n  namespace: logging\nspec:\n  version: 8.1.3\n  count: 1\n  elasticsearchRef:\n    name: quickstart\n",
            "yaml_body_parsed": "apiVersion: kibana.k8s.elastic.co/v1\nkind: Kibana\nmetadata:\n  name: quickstart\n  namespace: logging\nspec:\n  count: 1\n  elasticsearchRef:\n    name: quickstart\n  version: 8.1.3\n",
            "yaml_incluster": "6d59864831029a0759572bc6e5af2ef03a0003cd4deae1e07f55776a3ba5a584"
          },
          "sensitive_attributes": [],
          "private": "eyJlMmJmYjczMC1lY2FhLTExZTYtOGY4OC0zNDM2M2JjN2M0YzAiOnsiY3JlYXRlIjo2MDAwMDAwMDAwMDB9LCJzY2hlbWFfdmVyc2lvbiI6IjEifQ==",
          "dependencies": [
            "data.aws_eks_cluster.cluster",
            "helm_release.elastic",
            "kubectl_manifest.elastic_quickstart",
            "kubernetes_cluster_role_binding.cluster-admin-binding",
            "rancher2_app_v2.rancher-logging",
            "time_sleep.wait_30_seconds"
          ]
        }
      ]
    },
    {
      "mode": "managed",
      "type": "kubernetes_cluster_role_binding",
      "name": "cluster-admin-binding",
      "provider": "provider[\"registry.terraform.io/hashicorp/kubernetes\"]",
      "instances": [
        {
          "schema_version": 0,
          "attributes": {
            "id": "cluster-role-binding",
            "metadata": [
              {
                "annotations": null,
                "generation": 0,
                "labels": null,
                "name": "cluster-role-binding",
                "resource_version": "17294605",
                "uid": "5a46e5ad-6cbb-4df0-bb9d-71868d4967fd"
              }
            ],
            "role_ref": [
              {
                "api_group": "rbac.authorization.k8s.io",
                "kind": "ClusterRole",
                "name": "cluster-admin"
              }
            ],
            "subject": [
              {
                "api_group": "rbac.authorization.k8s.io",
                "kind": "User",
                "name": "daria_pavlova1epam.com",
                "namespace": "default"
              },
              {
                "api_group": "",
                "kind": "ServiceAccount",
                "name": "default",
                "namespace": "kube-system"
              },
              {
                "api_group": "rbac.authorization.k8s.io",
                "kind": "Group",
                "name": "system:masters",
                "namespace": "default"
              }
            ]
          },
          "sensitive_attributes": [],
          "private": "bnVsbA==",
          "dependencies": [
            "data.aws_eks_cluster.cluster",
            "rancher2_app_v2.rancher-logging"
          ]
        }
      ]
    },
    {
      "mode": "managed",
      "type": "rancher2_app_v2",
      "name": "rancher-logging",
      "provider": "provider[\"registry.terraform.io/rancher/rancher2\"]",
      "instances": [
        {
          "schema_version": 0,
          "attributes": {
            "annotations": {
              "objectset.rio.cattle.io/applied": "H4sIAAAAAAAA/7RXXW/bNhf+KwLfm/dCUiQ7nwJ6sTnDUKxLg6TYxZogoMgjmTVFCvxQ6gb+78OhLNmunTRdu5u6Inm+n/OckyfSgKOcOkqKJ0KV0o46oZXFT11+AuYsuNQInTLqnIRU6CPBSUHmIJuEti2Jn32nHxWYpO4WpCBHXR5HfwjF39wCM+C+KaZoA6Qgdp6ipdSABGoh7fLUUMXmYBKp61qoOu3yVymzLWWosb8bpBO7tA4asooJMxBi/yAasI42LSmUlzImkpYgX8zInNo5KcjZWX5yPgV2cjpl5UV2np3zk2zCTo+B8+PTssqriufHJxStreP7KhjSX7zsa0xCVDdQgQHFwJLi4xOhrfgLjBVakYKEnJRSs8V7fHoJEly4qai0EBOmlTNaSjCkcMZDTBZCYVnH6nxn/n0ABYOLakqnF8lpfpYnx2fHWVKW5UUCk/Pq5PSYsRyDv1/FxLbAMKNsTo3D/7yAQ0Ydlbreyjf1TidCWUel3E9iwgx/01DH5iQ+IMzAOFEJ4BvJg+9eU4h9KW1JQaRQ/vPB69boTnCwSd0ZfLjOYUnVFyqY1J6niCzprQNTSf141OUlOJof1DYE3o2Fv/NZNmXRJD1N8yQ7LNSXMnkWgfsiXiRMN61WoNzGa4TxPupo225Opulpil5wsMyItscgmSHymLMRVTyqhHRgIqlrG3krVB3NRT2Xy4hpVYnaG1pKiGY3lzaNomv9CAZITAQLmubOtbY4OgowsgM0A0SsBWePpK51+Dek2XYY3wKWj9pwbBuyibrRSjht+g8LzBvhluT+hU7tdsPMMkxIR6WHAFvKucCAqXzXi9xqb1h/B4v+R2FwfN2Wq5gspj3itXJUKDAPoGqhQiMGyHES7wuZBRxUZhYwOXCBVasqoTC84gm/dtptYEKYeet0cwM2uD1SBxcW1V13bKCOSnpQrhTuwWkJZtD08YlAVQFDxFzpWzYH7iX0+ScFUZpDYrSEdOFLMAoc2NCePTW1kip8HPJJCoKmyCre0fnbZ2DefVslOMb3VN3HpPJSYnXfd2CM4HhHYlJLXVK5Jh4nQ2777F9CRb10N1AL6wxaJJhNBCE+ajVS2Xl2niGATCcY7LMZprfv7rfXIYgQ5ThiVjFxyxY9mY2v0IZoaB20tV7Kay0FQ/Nvqyvtrg1Y7MuYGGi1RRAvN3g92qKWkb90i2XSyHuO1mOfDnauvZT9ILDDDAznAzYrUT8YkJpynB9Ph+1+Ek0j+NJqlfQiDW2TXmo022XpJJ2g3RFDz+rrXyTrH3w5aMnTk/R4o4Q/q2I7FcPb0ZU8zfN0klDZCgVJcMourdT1Q6XNIzUvxbpxKtHeJb3cqDpLc0zuaodjEFQ9Rv7sD3c6FSG6Wm8Ju+gcp9JXx5rDLSCrBk2rmLSa365ZbKaVg89ufW6EDoeSWnsVuA2PTUnZngsxaW17mEIMtFIwOtMeR0KOB3bkt9WGQXds7/ADAiu0D8hmnBjTmAhVabS5OzPe9tM+wjkkITR9JYx1l9BKvQzDfJJNJkl2luQXH7Kz4iQvJtO/Q2+95pUBygPP36n/RWvCjoY+iWY4X+7Unfr49dX9/4cZVAs392XKNC4G1lHncRXgg+Uf3fm28ntw2xsXuACqXxgLlfkho0i3O4YQJCn1bq6N+BLqmC7OA8Vuu7Bmrhsd2P4Z+z9T9+A25Y1Q/4nmTsDj9ykelrZ97b8KxTcVeE1qDtT3JxeWtq3dyUbfMA38dAgd3nj3E/Zux8i/tX6/vZAdGuzDLObBNUYlGefz1QCB/vT5FeClu9XWmpivNryAf0si/wP/HdSaE0mBi4NvGmrCZrZa/RMAAP//HjHKiJ8PAAA",
              "objectset.rio.cattle.io/id": "helm-app",
              "objectset.rio.cattle.io/owner-gvk": "/v1, Kind=Secret",
              "objectset.rio.cattle.io/owner-name": "sh.helm.release.v1.rancher-logging.v1",
              "objectset.rio.cattle.io/owner-namespace": "cattle-logging-system"
            },
            "chart_name": "rancher-logging",
            "chart_version": "3.6.000",
            "cleanup_on_fail": false,
            "cluster_id": "local",
            "cluster_name": "local",
            "disable_hooks": false,
            "disable_open_api_validation": false,
            "force_upgrade": false,
            "id": "local.cattle-logging-system/rancher-logging",
            "labels": {
              "objectset.rio.cattle.io/hash": "771583ec563cb90808d502c64edd46bf1ffd145a"
            },
            "name": "rancher-logging",
            "namespace": "cattle-logging-system",
            "project_id": null,
            "repo_name": "rancher-charts",
            "system_default_registry": "",
            "timeouts": null,
            "values": "global:\n  cattle:\n    clusterId: local\n    clusterName: local\n    systemDefaultRegistry: \"\"\n  systemDefaultRegistry: \"\"\n",
            "wait": true
          },
          "sensitive_attributes": [],
          "private": "eyJlMmJmYjczMC1lY2FhLTExZTYtOGY4OC0zNDM2M2JjN2M0YzAiOnsiY3JlYXRlIjo2MDAwMDAwMDAwMDAsImRlbGV0ZSI6NjAwMDAwMDAwMDAwLCJ1cGRhdGUiOjYwMDAwMDAwMDAwMH19"
        }
      ]
    },
    {
      "mode": "managed",
      "type": "time_sleep",
      "name": "wait_30_seconds",
      "provider": "provider[\"registry.terraform.io/hashicorp/time\"]",
      "instances": [
        {
          "schema_version": 0,
          "attributes": {
            "create_duration": "30s",
            "destroy_duration": null,
            "id": "2022-07-19T07:53:31Z",
            "triggers": null
          },
          "sensitive_attributes": [],
          "private": "bnVsbA==",
          "dependencies": [
            "data.aws_eks_cluster.cluster",
            "helm_release.elastic",
            "kubernetes_cluster_role_binding.cluster-admin-binding",
            "rancher2_app_v2.rancher-logging"
          ]
        }
      ]
    }
  ]
}
