{
  "version": 4,
  "terraform_version": "1.1.9",
  "serial": 129,
  "lineage": "36391dba-8a19-c5b6-3f4c-6f863bbedb57",
  "outputs": {},
  "resources": [
    {
      "mode": "data",
      "type": "aws_eks_cluster",
      "name": "cluster",
      "provider": "provider[\"registry.terraform.io/hashicorp/aws\"]",
      "instances": [
        {
          "schema_version": 0,
          "attributes": {
            "arn": "arn:aws:eks:us-west-2:732722833398:cluster/rancher",
            "certificate_authority": [
              {
                "data": "LS0tLS1CRUdJTiBDRVJUSUZJQ0FURS0tLS0tCk1JSUM1ekNDQWMrZ0F3SUJBZ0lCQURBTkJna3Foa2lHOXcwQkFRc0ZBREFWTVJNd0VRWURWUVFERXdwcmRXSmwKY201bGRHVnpNQjRYRFRJeU1EWXlOREF3TWpreU9Wb1hEVE15TURZeU1UQXdNamt5T1Zvd0ZURVRNQkVHQTFVRQpBeE1LYTNWaVpYSnVaWFJsY3pDQ0FTSXdEUVlKS29aSWh2Y05BUUVCQlFBRGdnRVBBRENDQVFvQ2dnRUJBTWpYCm0yRU9WWGw0ODg1a0R2T0FYQTVmR1Zkb0V2c0wrTE5wdWVPMVV1MHFEWjJkQnV0ZTVDMFEwUDc1djc3UlFwbmcKWVFLendDamtUMFN5aFZxMkpsWk1KK3ZIVFFzU0Q0eEJlNHg5eVY2ajZHQVQwNTJtMWN6QlFSNjBqa1FOQjR4WQpjTlo0ckxHK3JVQlgrSmRBK3ExVFVMd3NLYldPL3BMM2dPZHp3N1ZhZ3ZjT2RNN1VxbFB1V2RaaWRDd0VPMUxxCjBreWJaQnFIR3FNcnFlVHlBQzNwNHAxQ3A4NUNGNHRPZEJKM3dVYm0zaEJVMXc4bGNnTjlNc21JS2pzYkgweXoKNTBzbDg0RFIzNG5EQUdaTDdVR3A0cEZyNDRiUE93c3BaVFNtZWdxQ2NNTlBPYWpIRmJpcWlOVVpYdDZlVjZ1eApjOERpeU8ySDhWUlREcDJjZXhNQ0F3RUFBYU5DTUVBd0RnWURWUjBQQVFIL0JBUURBZ0trTUE4R0ExVWRFd0VCCi93UUZNQU1CQWY4d0hRWURWUjBPQkJZRUZJZ1ljKzQ0dUQwdHVoUHZVOXVOWDNSQmFRNXVNQTBHQ1NxR1NJYjMKRFFFQkN3VUFBNElCQVFDT205L21jaUxsY2lwekM3cytTNEQ3OCt2bkljTkQ4YlJOaVVtNHBZR29QanJ2WHJnTAozZDFvMHlsbTA5WEpDMDd6cU1tajVjQUJWOUtnUEZ1MEFSQjVmWitlRHNkcDlDVm9HM0xPRmw2WFFUQmdIVkx4CkFtNXk0elZMUmdjR0dCWFQvY3N5NGtORjZ2UW10OCtkN244NTBRT2FheUZQSmw2WUU4aVN1OGhPazVxdktHVzIKNFg1VnVnSFo1MGh5U0pSMmltaDh5SUFKeXcvNVhIVENiSVZQb2IwaE1ERERMUUVlTmtPRmY1ZCtHSUZKVGRIQgp5S1JsTkovTWxhdnp0WDVDMkVoR3ZmOVpYNmpnVG5rRWFPRnBvaWFEZURUa1Rmbk5ITG05aVNzQU5kWitHaktECkQ3RUdDeUtFTWg4Z0JIYTdTcXpuaEJvZzFlV1RTWEVGeENoTQotLS0tLUVORCBDRVJUSUZJQ0FURS0tLS0tCg=="
              }
            ],
            "created_at": "2022-06-24 00:23:55.475 +0000 UTC",
            "enabled_cluster_log_types": [
              "api",
              "audit",
              "authenticator"
            ],
            "endpoint": "https://996C56B70083850EC96F7B7DFDC19DF0.gr7.us-west-2.eks.amazonaws.com",
            "id": "rancher",
            "identity": [
              {
                "oidc": [
                  {
                    "issuer": "https://oidc.eks.us-west-2.amazonaws.com/id/996C56B70083850EC96F7B7DFDC19DF0"
                  }
                ]
              }
            ],
            "kubernetes_network_config": [
              {
                "ip_family": "ipv4",
                "service_ipv4_cidr": "172.20.0.0/16"
              }
            ],
            "name": "rancher",
            "platform_version": "eks.7",
            "role_arn": "arn:aws:iam::732722833398:role/rancher-cluster-20220624001829809300000008",
            "status": "ACTIVE",
            "tags": {
              "Project": "folio",
              "Team": "kitfox",
              "Terraform": "true"
            },
            "version": "1.21",
            "vpc_config": [
              {
                "cluster_security_group_id": "sg-0e5893236c5cfa3b7",
                "endpoint_private_access": false,
                "endpoint_public_access": true,
                "public_access_cidrs": [
                  "0.0.0.0/0"
                ],
                "security_group_ids": [
                  "sg-029a76d8c776ef939"
                ],
                "subnet_ids": [
                  "subnet-029716353faa8a0b1",
                  "subnet-0347db41d7e278c29",
                  "subnet-066f787ac8b8eb4b5",
                  "subnet-0c1fceb92be445713"
                ],
                "vpc_id": "vpc-0c14313e194b820d9"
              }
            ]
          },
          "sensitive_attributes": []
        }
      ]
    },
    {
      "mode": "data",
      "type": "aws_eks_cluster_auth",
      "name": "cluster",
      "provider": "provider[\"registry.terraform.io/hashicorp/aws\"]",
      "instances": [
        {
          "schema_version": 0,
          "attributes": {
            "id": "local",
            "name": "local",
            "token": "k8s-aws-v1.aHR0cHM6Ly9zdHMuYW1hem9uYXdzLmNvbS8_QWN0aW9uPUdldENhbGxlcklkZW50aXR5JlZlcnNpb249MjAxMS0wNi0xNSZYLUFtei1BbGdvcml0aG09QVdTNC1ITUFDLVNIQTI1NiZYLUFtei1DcmVkZW50aWFsPUFLSUEyVkdOUEU3M05IN1JSWkVYJTJGMjAyMjA3MTklMkZ1cy1lYXN0LTElMkZzdHMlMkZhd3M0X3JlcXVlc3QmWC1BbXotRGF0ZT0yMDIyMDcxOVQxMzMzMDNaJlgtQW16LUV4cGlyZXM9MCZYLUFtei1TaWduZWRIZWFkZXJzPWhvc3QlM0J4LWs4cy1hd3MtaWQmWC1BbXotU2lnbmF0dXJlPTcxNDFkNThkN2VjY2Y5OThiNjMzYTBhNWMxZTY3MThhMzkzN2M3YWI0NTVhZjNiYWI5OTE3MjZmYTA0NmUwZWI"
          },
          "sensitive_attributes": []
        }
      ]
    },
    {
      "mode": "managed",
      "type": "helm_release",
      "name": "elastic",
      "provider": "provider[\"registry.terraform.io/hashicorp/helm\"].cluster",
      "instances": [
        {
          "schema_version": 0,
          "attributes": {
            "atomic": false,
            "chart": "logging-operator",
            "cleanup_on_fail": false,
            "create_namespace": true,
            "dependency_update": false,
            "description": null,
            "devel": null,
            "disable_crd_hooks": false,
            "disable_openapi_validation": false,
            "disable_webhooks": false,
            "force_update": false,
            "id": "logging-operator",
            "keyring": null,
            "lint": false,
            "manifest": null,
            "max_history": 0,
            "metadata": [
              {
                "app_version": "3.17.7",
                "chart": "logging-operator",
                "name": "logging-operator",
                "namespace": "logging",
                "revision": 1,
                "values": "{}",
                "version": "3.17.7"
              }
            ],
            "name": "logging-operator",
            "namespace": "logging",
            "postrender": [],
            "recreate_pods": false,
            "render_subchart_notes": true,
            "replace": false,
            "repository": "https://kubernetes-charts.banzaicloud.com",
            "repository_ca_file": null,
            "repository_cert_file": null,
            "repository_key_file": null,
            "repository_password": null,
            "repository_username": null,
            "reset_values": false,
            "reuse_values": false,
            "set": [],
            "set_sensitive": [],
            "skip_crds": false,
            "status": "deployed",
            "timeout": 300,
            "values": null,
            "verify": false,
            "version": "3.17.7",
            "wait": true,
            "wait_for_jobs": false
          },
          "sensitive_attributes": [],
          "private": "bnVsbA==",
          "dependencies": [
            "data.aws_eks_cluster.cluster",
            "kubernetes_cluster_role_binding.cluster-admin-binding",
            "rancher2_app_v2.rancher-logging"
          ]
        }
      ]
    },
    {
      "mode": "managed",
      "type": "kubectl_manifest",
      "name": "elastic_quickstart",
      "provider": "provider[\"registry.terraform.io/gavinbunney/kubectl\"]",
      "instances": [
        {
          "schema_version": 1,
          "attributes": {
            "api_version": "elasticsearch.k8s.elastic.co/v1",
            "apply_only": false,
            "force_conflicts": false,
            "force_new": false,
            "id": "/apis/elasticsearch.k8s.elastic.co/v1/namespaces/logging/elasticsearchs/quickstart",
            "ignore_fields": null,
            "kind": "Elasticsearch",
            "live_manifest_incluster": "386aebba210ba7653b94a7087f002bc80c9d3b48c73aeae22152968074305059",
            "live_uid": "2fb7e441-cb80-416a-9c09-c63a1dd677f6",
            "name": "quickstart",
            "namespace": "logging",
            "override_namespace": null,
            "sensitive_fields": null,
            "server_side_apply": false,
            "timeouts": null,
            "uid": "2fb7e441-cb80-416a-9c09-c63a1dd677f6",
            "validate_schema": true,
            "wait": null,
            "wait_for_rollout": true,
            "yaml_body": "apiVersion: elasticsearch.k8s.elastic.co/v1\nkind: Elasticsearch\nmetadata:\n  name: quickstart\n  namespace: logging\nspec:\n  version: 7.10.0\n  nodeSets:\n  - name: default\n    count: 3\n    config:\n      node.master: true\n      node.data: true\n      node.ingest: true\n      node.store.allow_mmap: false\n",
            "yaml_body_parsed": "apiVersion: elasticsearch.k8s.elastic.co/v1\nkind: Elasticsearch\nmetadata:\n  name: quickstart\n  namespace: logging\nspec:\n  nodeSets:\n  - config:\n      node.data: true\n      node.ingest: true\n      node.master: true\n      node.store.allow_mmap: false\n    count: 3\n    name: default\n  version: 7.10.0\n",
            "yaml_incluster": "386aebba210ba7653b94a7087f002bc80c9d3b48c73aeae22152968074305059"
          },
          "sensitive_attributes": [],
          "private": "eyJlMmJmYjczMC1lY2FhLTExZTYtOGY4OC0zNDM2M2JjN2M0YzAiOnsiY3JlYXRlIjo2MDAwMDAwMDAwMDB9LCJzY2hlbWFfdmVyc2lvbiI6IjEifQ==",
          "dependencies": [
            "data.aws_eks_cluster.cluster",
            "helm_release.elastic",
            "kubernetes_cluster_role_binding.cluster-admin-binding",
            "rancher2_app_v2.rancher-logging",
            "time_sleep.wait_30_seconds"
          ]
        }
      ]
    },
    {
      "mode": "managed",
      "type": "kubectl_manifest",
      "name": "kibana_quickstart",
      "provider": "provider[\"registry.terraform.io/gavinbunney/kubectl\"]",
      "instances": [
        {
          "schema_version": 1,
          "attributes": {
            "api_version": "kibana.k8s.elastic.co/v1",
            "apply_only": false,
            "force_conflicts": false,
            "force_new": false,
            "id": "/apis/kibana.k8s.elastic.co/v1/namespaces/logging/kibanas/quickstart",
            "ignore_fields": null,
            "kind": "Kibana",
            "live_manifest_incluster": "5eb72f1be7329fd9b03d0f9cbe96930145c888c47f04e912d724bdd5d4787650",
            "live_uid": "6291c69c-514c-4932-baf9-1b58729bf367",
            "name": "quickstart",
            "namespace": "logging",
            "override_namespace": null,
            "sensitive_fields": null,
            "server_side_apply": false,
            "timeouts": null,
            "uid": "6291c69c-514c-4932-baf9-1b58729bf367",
            "validate_schema": true,
            "wait": null,
            "wait_for_rollout": true,
            "yaml_body": "apiVersion: kibana.k8s.elastic.co/v1\nkind: Kibana\nmetadata:\n  name: quickstart\n  namespace: logging\nspec:\n  version: 7.10.0\n  count: 1\n  elasticsearchRef:\n    name: quickstart\n",
            "yaml_body_parsed": "apiVersion: kibana.k8s.elastic.co/v1\nkind: Kibana\nmetadata:\n  name: quickstart\n  namespace: logging\nspec:\n  count: 1\n  elasticsearchRef:\n    name: quickstart\n  version: 7.10.0\n",
            "yaml_incluster": "5eb72f1be7329fd9b03d0f9cbe96930145c888c47f04e912d724bdd5d4787650"
          },
          "sensitive_attributes": [],
          "private": "eyJlMmJmYjczMC1lY2FhLTExZTYtOGY4OC0zNDM2M2JjN2M0YzAiOnsiY3JlYXRlIjo2MDAwMDAwMDAwMDB9LCJzY2hlbWFfdmVyc2lvbiI6IjEifQ==",
          "dependencies": [
            "data.aws_eks_cluster.cluster",
            "helm_release.elastic",
            "kubectl_manifest.elastic_quickstart",
            "kubernetes_cluster_role_binding.cluster-admin-binding",
            "rancher2_app_v2.rancher-logging",
            "time_sleep.wait_30_seconds"
          ]
        }
      ]
    },
    {
      "mode": "managed",
      "type": "kubernetes_cluster_role_binding",
      "name": "cluster-admin-binding",
      "provider": "provider[\"registry.terraform.io/hashicorp/kubernetes\"]",
      "instances": [
        {
          "schema_version": 0,
          "attributes": {
            "id": "cluster-role-binding",
            "metadata": [
              {
                "annotations": null,
                "generation": 0,
                "labels": null,
                "name": "cluster-role-binding",
                "resource_version": "17533597",
                "uid": "b4c1bedb-a81e-4d15-ba71-27f56640c755"
              }
            ],
            "role_ref": [
              {
                "api_group": "rbac.authorization.k8s.io",
                "kind": "ClusterRole",
                "name": "cluster-admin"
              }
            ],
            "subject": [
              {
                "api_group": "rbac.authorization.k8s.io",
                "kind": "User",
                "name": "daria_pavlova1epam.com",
                "namespace": "default"
              },
              {
                "api_group": "",
                "kind": "ServiceAccount",
                "name": "default",
                "namespace": "kube-system"
              },
              {
                "api_group": "rbac.authorization.k8s.io",
                "kind": "Group",
                "name": "system:masters",
                "namespace": "default"
              }
            ]
          },
          "sensitive_attributes": [],
          "private": "bnVsbA==",
          "dependencies": [
            "data.aws_eks_cluster.cluster",
            "rancher2_app_v2.rancher-logging"
          ]
        }
      ]
    },
    {
      "mode": "managed",
      "type": "rancher2_app_v2",
      "name": "rancher-logging",
      "provider": "provider[\"registry.terraform.io/rancher/rancher2\"]",
      "instances": [
        {
          "schema_version": 0,
          "attributes": {
            "annotations": {
              "objectset.rio.cattle.io/applied": "H4sIAAAAAAAA/7RXW2/bOBb+KwL3ZR8kRfIlTQT0YTdZLIrppEFSzMM0QUCTRzJrihR4UeoG+u+DQ1myXTtpOu281BXJc//Od06eSA2OcuooKZ4IVUo76oRWFj/14jMwZ8GlRuiUUeckpEKfCE4KsgRZJ7RpSPzsO/2owCRVuyIFOWnzOPpNKP72FpgB910xRWsgBbHLFC2lBiRQC2mbp4YqtgSTSF1VQlVpm79KmW0oQ4393SCd2LV1UJMuJsxAiP2jqME6WjekUF7KmEi6APliRpbULklB3rzJ52dTYPPTKVucZ2fZGZ9nE3Y6A85np4syL0uez+YUrW3i+yYY0l+87GtMQlQ3UIIBxcCS4tMToY34A4wVWpGChJwspGarD/j0EiS4cFNSaSEmTCtntJRgSOGMh5ishMKyjtX5wfz7AIo5sHI+A5pkswkksxJmyfn8PEvOYHpOF5zPKDsl3X0XE9sAw4yyJTUO//MCDhl1VOpqJ9/UO50IZR2V8jCJCTP8bU0dW5L4iDAD40QpgG8lj757TSEOpbQlBZFC+S9HrxujW8HBJlVr8OEmhwuqvlLBpPY8RWRJbx2YUurHkzZfgKP5UW1D4O1Y+DufZVMWTdLTNE+y40J9KZNnEXgo4kXCdN1oBcptvUYYH6KONs32ZJqepugFB8uMaHoMkgtEHnM2oopHpZAOTCR1ZSNvhaqipaiWch0xrUpReUMXEqKLm0ubRtG1fgQDJCaCBU1L5xpbnJwEGNkBmgEi1oKzJ1JXOvwb0mxbjG8F60dtOLYN2UZdayWcNv2HBeaNcGty/0KntvthZhkmpKXSQ4At5VxgwFS+70VutTesv4NV/6MwOL5pyy4mq2mPeK0cFQrMA6hKqNCIAXKcxIdCZgVHlZkVTI5cYNXKUigMr3jCr712G5gQLrx1ur4BG9weqYMLi+quWzZQRyk9KLcQ7sFpCWbQ9OmJQFkCQ8Rc6Vu2BO4l9PknBVGaQ2K0hHTlF2AUOLChPXtqaiRV+DjkkxQETZEu3tP5vy/AvPu+SnCMH6i6j0nppcTqfmjBGMHxjsSkknpB5YZ4nAy57bN/CSX10t1AJawzaJFgNhGE+KjRSGVn2VmGADKtYHDIZpjevrvfXYcgQpTjiOli4tYNenIxvkIboqZV0NZ4Ka+1FAzNvyuvtLs2YLEvY2Kg0RZBvN7i9WSHWkb+0g2WSSPvOVqNfTrYufZS9oPADjMwnA/YLEX1YEBqynF+PB23+1nUteBrq1XSi9S0SXqp0WybpZN0gnZHDD2rr3+RbH7w5aAlT+fpbKuEP6tiNxXD29GVPM3zdJJQ2QgFSXDKrq3U1UOpzSM1L8W6dSrR3iW93Kg6S3NMbrfHMQiqHiO/94d7nYoQ7TZbwj46x6n0zbHmcAvIqkFTF5NG89sNi11o5eCL25wbocOhpNZeBW7DY7Og7MCFmDS2OU4hBhopGL3QHkdCjgd25Lduy6B7tvf4AYEV2gdkPU6MaUyEKjXa3J8Z7/ppH+EckhCavhTGuktopF6HYT7JJpMke5Pk5x/zaTGdFtPZn6G3XvPKAOWB5+/Uv6INYUdDn0QXOF/u1J369O3V/b+HGVQJt/SLlGlcDKyjzuMqwAfLP7vz7eT36LY3LnABVP9hLFTmp4wi3e4ZQpCk1LulNuJrqGO6OgsUu+vChrludGD7Z+z/St2D25TXQv0jmlsBjz+meFjaDrX/Vyi+rcBrUnOkvr+4sLRp7F42+oap4ZdD6PjGe5iw93tG/q71+92F7NhgH2YxD64xKsk4n68GCPSnz68AL911O2ti3m15Af+WRP4H/n9QG04kBS4Ovq6pCZtZ1/0VAAD//5wSoxefDwAA",
              "objectset.rio.cattle.io/id": "helm-app",
              "objectset.rio.cattle.io/owner-gvk": "/v1, Kind=Secret",
              "objectset.rio.cattle.io/owner-name": "sh.helm.release.v1.rancher-logging.v1",
              "objectset.rio.cattle.io/owner-namespace": "cattle-logging-system"
            },
            "chart_name": "rancher-logging",
            "chart_version": "3.6.000",
            "cleanup_on_fail": false,
            "cluster_id": "local",
            "cluster_name": "local",
            "disable_hooks": false,
            "disable_open_api_validation": false,
            "force_upgrade": false,
            "id": "local.cattle-logging-system/rancher-logging",
            "labels": {
              "objectset.rio.cattle.io/hash": "771583ec563cb90808d502c64edd46bf1ffd145a"
            },
            "name": "rancher-logging",
            "namespace": "cattle-logging-system",
            "project_id": null,
            "repo_name": "rancher-charts",
            "system_default_registry": "",
            "timeouts": null,
            "values": "global:\n  cattle:\n    clusterId: local\n    clusterName: local\n    systemDefaultRegistry: \"\"\n  systemDefaultRegistry: \"\"\n",
            "wait": true
          },
          "sensitive_attributes": [],
          "private": "eyJlMmJmYjczMC1lY2FhLTExZTYtOGY4OC0zNDM2M2JjN2M0YzAiOnsiY3JlYXRlIjo2MDAwMDAwMDAwMDAsImRlbGV0ZSI6NjAwMDAwMDAwMDAwLCJ1cGRhdGUiOjYwMDAwMDAwMDAwMH19"
        }
      ]
    },
    {
      "mode": "managed",
      "type": "time_sleep",
      "name": "wait_30_seconds",
      "provider": "provider[\"registry.terraform.io/hashicorp/time\"]",
      "instances": [
        {
          "schema_version": 0,
          "attributes": {
            "create_duration": "30s",
            "destroy_duration": null,
            "id": "2022-07-19T13:35:36Z",
            "triggers": null
          },
          "sensitive_attributes": [],
          "private": "bnVsbA==",
          "dependencies": [
            "data.aws_eks_cluster.cluster",
            "helm_release.elastic",
            "kubernetes_cluster_role_binding.cluster-admin-binding",
            "rancher2_app_v2.rancher-logging"
          ]
        }
      ]
    }
  ]
}
